
Microsoft Visual Studio Solution File, Format Version 12.00
Project("{FAE04EC0-301F-11D3-BF4B-00C04F79EFBC}") = "BookLibrary", "BookLibrary\BookLibrary.csproj", "{46FFDE4A-5D0A-4BD9-92D2-5B796338F5EB}"
EndProject
Project("{FAE04EC0-301F-11D3-BF4B-00C04F79EFBC}") = "BookLibrary.Presentation", "BookLibrary.Presentation\BookLibrary.Presentation.csproj", "{34EB55D4-160B-4FD5-B3F0-15C526E612E9}"
EndProject
Project("{FAE04EC0-301F-11D3-BF4B-00C04F79EFBC}") = "Entities", "Entities\Entities.csproj", "{5B9DEC2D-5E31-41AC-BB7B-BAD397D413BE}"
EndProject
Project("{FAE04EC0-301F-11D3-BF4B-00C04F79EFBC}") = "Repository", "Repository\Repository.csproj", "{5041F9C1-730F-452A-9EDB-7929712D0AC3}"
EndProject
Project("{FAE04EC0-301F-11D3-BF4B-00C04F79EFBC}") = "Contracts", "Contracts\Contracts.csproj", "{176505E8-0817-4F53-AF9A-FB984B2BB665}"
EndProject
Project("{FAE04EC0-301F-11D3-BF4B-00C04F79EFBC}") = "Shared", "Shared\Shared.csproj", "{95EA7E29-0E64-45E7-B031-BB836E361FB1}"
EndProject
Project("{FAE04EC0-301F-11D3-BF4B-00C04F79EFBC}") = "LoggerService", "LoggerService\LoggerService.csproj", "{3A3709DA-15FD-40BE-B85D-6EAA275F2DF7}"
EndProject
Project("{FAE04EC0-301F-11D3-BF4B-00C04F79EFBC}") = "Application", "Application\Application.csproj", "{439DE483-92C5-4146-BF78-1D38720FB3D6}"
EndProject
Global
	GlobalSection(SolutionConfigurationPlatforms) = preSolution
		Debug|Any CPU = Debug|Any CPU
		Release|Any CPU = Release|Any CPU
	EndGlobalSection
	GlobalSection(ProjectConfigurationPlatforms) = postSolution
		{46FFDE4A-5D0A-4BD9-92D2-5B796338F5EB}.Debug|Any CPU.ActiveCfg = Debug|Any CPU
		{46FFDE4A-5D0A-4BD9-92D2-5B796338F5EB}.Debug|Any CPU.Build.0 = Debug|Any CPU
		{46FFDE4A-5D0A-4BD9-92D2-5B796338F5EB}.Release|Any CPU.ActiveCfg = Release|Any CPU
		{46FFDE4A-5D0A-4BD9-92D2-5B796338F5EB}.Release|Any CPU.Build.0 = Release|Any CPU
		{34EB55D4-160B-4FD5-B3F0-15C526E612E9}.Debug|Any CPU.ActiveCfg = Debug|Any CPU
		{34EB55D4-160B-4FD5-B3F0-15C526E612E9}.Debug|Any CPU.Build.0 = Debug|Any CPU
		{34EB55D4-160B-4FD5-B3F0-15C526E612E9}.Release|Any CPU.ActiveCfg = Release|Any CPU
		{34EB55D4-160B-4FD5-B3F0-15C526E612E9}.Release|Any CPU.Build.0 = Release|Any CPU
		{5B9DEC2D-5E31-41AC-BB7B-BAD397D413BE}.Debug|Any CPU.ActiveCfg = Debug|Any CPU
		{5B9DEC2D-5E31-41AC-BB7B-BAD397D413BE}.Debug|Any CPU.Build.0 = Debug|Any CPU
		{5B9DEC2D-5E31-41AC-BB7B-BAD397D413BE}.Release|Any CPU.ActiveCfg = Release|Any CPU
		{5B9DEC2D-5E31-41AC-BB7B-BAD397D413BE}.Release|Any CPU.Build.0 = Release|Any CPU
		{5041F9C1-730F-452A-9EDB-7929712D0AC3}.Debug|Any CPU.ActiveCfg = Debug|Any CPU
		{5041F9C1-730F-452A-9EDB-7929712D0AC3}.Debug|Any CPU.Build.0 = Debug|Any CPU
		{5041F9C1-730F-452A-9EDB-7929712D0AC3}.Release|Any CPU.ActiveCfg = Release|Any CPU
		{5041F9C1-730F-452A-9EDB-7929712D0AC3}.Release|Any CPU.Build.0 = Release|Any CPU
		{176505E8-0817-4F53-AF9A-FB984B2BB665}.Debug|Any CPU.ActiveCfg = Debug|Any CPU
		{176505E8-0817-4F53-AF9A-FB984B2BB665}.Debug|Any CPU.Build.0 = Debug|Any CPU
		{176505E8-0817-4F53-AF9A-FB984B2BB665}.Release|Any CPU.ActiveCfg = Release|Any CPU
		{176505E8-0817-4F53-AF9A-FB984B2BB665}.Release|Any CPU.Build.0 = Release|Any CPU
		{95EA7E29-0E64-45E7-B031-BB836E361FB1}.Debug|Any CPU.ActiveCfg = Debug|Any CPU
		{95EA7E29-0E64-45E7-B031-BB836E361FB1}.Debug|Any CPU.Build.0 = Debug|Any CPU
		{95EA7E29-0E64-45E7-B031-BB836E361FB1}.Release|Any CPU.ActiveCfg = Release|Any CPU
		{95EA7E29-0E64-45E7-B031-BB836E361FB1}.Release|Any CPU.Build.0 = Release|Any CPU
		{3A3709DA-15FD-40BE-B85D-6EAA275F2DF7}.Debug|Any CPU.ActiveCfg = Debug|Any CPU
		{3A3709DA-15FD-40BE-B85D-6EAA275F2DF7}.Debug|Any CPU.Build.0 = Debug|Any CPU
		{3A3709DA-15FD-40BE-B85D-6EAA275F2DF7}.Release|Any CPU.ActiveCfg = Release|Any CPU
		{3A3709DA-15FD-40BE-B85D-6EAA275F2DF7}.Release|Any CPU.Build.0 = Release|Any CPU
		{439DE483-92C5-4146-BF78-1D38720FB3D6}.Debug|Any CPU.ActiveCfg = Debug|Any CPU
		{439DE483-92C5-4146-BF78-1D38720FB3D6}.Debug|Any CPU.Build.0 = Debug|Any CPU
		{439DE483-92C5-4146-BF78-1D38720FB3D6}.Release|Any CPU.ActiveCfg = Release|Any CPU
		{439DE483-92C5-4146-BF78-1D38720FB3D6}.Release|Any CPU.Build.0 = Release|Any CPU
	EndGlobalSection
EndGlobal
